
Microsoft Visual Studio Solution File, Format Version 12.00
# Visual Studio Version 17
VisualStudioVersion = 17.11.35327.3
MinimumVisualStudioVersion = 10.0.40219.1
Project("{FAE04EC0-301F-11D3-BF4B-00C04F79EFBC}") = "SKS_Yonetim_Backend", "SKS_Yonetim_Backend\SKS_Yonetim_Backend.csproj", "{FBE437F0-29EB-45E7-BDAD-D9D9D29DD040}"
EndProject
Global
	GlobalSection(SolutionConfigurationPlatforms) = preSolution
		Debug|Any CPU = Debug|Any CPU
		Release|Any CPU = Release|Any CPU
	EndGlobalSection
	GlobalSection(ProjectConfigurationPlatforms) = postSolution
		{FBE437F0-29EB-45E7-BDAD-D9D9D29DD040}.Debug|Any CPU.ActiveCfg = Debug|Any CPU
		{FBE437F0-29EB-45E7-BDAD-D9D9D29DD040}.Debug|Any CPU.Build.0 = Debug|Any CPU
		{FBE437F0-29EB-45E7-BDAD-D9D9D29DD040}.Release|Any CPU.ActiveCfg = Release|Any CPU
		{FBE437F0-29EB-45E7-BDAD-D9D9D29DD040}.Release|Any CPU.Build.0 = Release|Any CPU
	EndGlobalSection
	GlobalSection(SolutionProperties) = preSolution
		HideSolutionNode = FALSE
	EndGlobalSection
	GlobalSection(ExtensibilityGlobals) = postSolution
		SolutionGuid = {CD913923-91A2-4E95-96E4-0B9E5315EEA2}
	EndGlobalSection
EndGlobal
